
Microsoft Visual Studio Solution File, Format Version 12.00
# Visual Studio Version 17
VisualStudioVersion = 17.12.35514.174 d17.12
MinimumVisualStudioVersion = 10.0.40219.1
Project("{54A90642-561A-4BB1-A94E-469ADEE60C69}") = "AngularProject1", "AngularProject1.esproj", "{7638AD58-5439-4DB6-A1E1-06D56F6C6B76}"
EndProject
Global
	GlobalSection(SolutionConfigurationPlatforms) = preSolution
		Debug|Any CPU = Debug|Any CPU
		Release|Any CPU = Release|Any CPU
	EndGlobalSection
	GlobalSection(ProjectConfigurationPlatforms) = postSolution
		{7638AD58-5439-4DB6-A1E1-06D56F6C6B76}.Debug|Any CPU.ActiveCfg = Debug|Any CPU
		{7638AD58-5439-4DB6-A1E1-06D56F6C6B76}.Debug|Any CPU.Build.0 = Debug|Any CPU
		{7638AD58-5439-4DB6-A1E1-06D56F6C6B76}.Debug|Any CPU.Deploy.0 = Debug|Any CPU
		{7638AD58-5439-4DB6-A1E1-06D56F6C6B76}.Release|Any CPU.ActiveCfg = Release|Any CPU
		{7638AD58-5439-4DB6-A1E1-06D56F6C6B76}.Release|Any CPU.Build.0 = Release|Any CPU
		{7638AD58-5439-4DB6-A1E1-06D56F6C6B76}.Release|Any CPU.Deploy.0 = Release|Any CPU
	EndGlobalSection
	GlobalSection(SolutionProperties) = preSolution
		HideSolutionNode = FALSE
	EndGlobalSection
EndGlobal
